
Microsoft Visual Studio Solution File, Format Version 12.00
# Visual Studio 15
VisualStudioVersion = 15.0.26730.15
MinimumVisualStudioVersion = 10.0.40219.1
Project("{FAE04EC0-301F-11D3-BF4B-00C04F79EFBC}") = "Card Deck", "Card Deck\Card Deck.csproj", "{5B2A5116-A7F6-4AE6-9621-45C856DD25F6}"
EndProject
Global
	GlobalSection(SolutionConfigurationPlatforms) = preSolution
		Debug|Any CPU = Debug|Any CPU
		Release|Any CPU = Release|Any CPU
	EndGlobalSection
	GlobalSection(ProjectConfigurationPlatforms) = postSolution
		{5B2A5116-A7F6-4AE6-9621-45C856DD25F6}.Debug|Any CPU.ActiveCfg = Debug|Any CPU
		{5B2A5116-A7F6-4AE6-9621-45C856DD25F6}.Debug|Any CPU.Build.0 = Debug|Any CPU
		{5B2A5116-A7F6-4AE6-9621-45C856DD25F6}.Release|Any CPU.ActiveCfg = Release|Any CPU
		{5B2A5116-A7F6-4AE6-9621-45C856DD25F6}.Release|Any CPU.Build.0 = Release|Any CPU
	EndGlobalSection
	GlobalSection(SolutionProperties) = preSolution
		HideSolutionNode = FALSE
	EndGlobalSection
	GlobalSection(ExtensibilityGlobals) = postSolution
		SolutionGuid = {A9EAA099-6D08-4813-9317-97706364C665}
	EndGlobalSection
EndGlobal
